
Microsoft Visual Studio Solution File, Format Version 12.00
# Visual Studio Version 16
VisualStudioVersion = 16.0.30011.22
MinimumVisualStudioVersion = 10.0.40219.1
Project("{FAE04EC0-301F-11D3-BF4B-00C04F79EFBC}") = "Shop", "Shop\Shop.csproj", "{6B3D0D90-FBE3-4216-8FE7-3F2EBA250ADA}"
EndProject
Global
	GlobalSection(SolutionConfigurationPlatforms) = preSolution
		Debug|Any CPU = Debug|Any CPU
		Release|Any CPU = Release|Any CPU
	EndGlobalSection
	GlobalSection(ProjectConfigurationPlatforms) = postSolution
		{6B3D0D90-FBE3-4216-8FE7-3F2EBA250ADA}.Debug|Any CPU.ActiveCfg = Debug|Any CPU
		{6B3D0D90-FBE3-4216-8FE7-3F2EBA250ADA}.Debug|Any CPU.Build.0 = Debug|Any CPU
		{6B3D0D90-FBE3-4216-8FE7-3F2EBA250ADA}.Release|Any CPU.ActiveCfg = Release|Any CPU
		{6B3D0D90-FBE3-4216-8FE7-3F2EBA250ADA}.Release|Any CPU.Build.0 = Release|Any CPU
	EndGlobalSection
	GlobalSection(SolutionProperties) = preSolution
		HideSolutionNode = FALSE
	EndGlobalSection
	GlobalSection(ExtensibilityGlobals) = postSolution
		SolutionGuid = {B403C98A-9CF8-4E85-A0C2-DF0A57DE0F86}
	EndGlobalSection
EndGlobal
